
Microsoft Visual Studio Solution File, Format Version 12.00
# Visual Studio Version 17
VisualStudioVersion = 17.12.35707.178 d17.12
MinimumVisualStudioVersion = 10.0.40219.1
Project("{2150E333-8FDC-42A3-9474-1A3956D46DE8}") = "src", "src", "{87740E04-7D01-4856-BC68-4E31254D0D6B}"
EndProject
Project("{2150E333-8FDC-42A3-9474-1A3956D46DE8}") = "Services", "Services", "{29EE33B2-7067-4FCE-8E19-331B927CBA4F}"
EndProject
Project("{2150E333-8FDC-42A3-9474-1A3956D46DE8}") = "AppointmentSchedulingApi", "AppointmentSchedulingApi", "{2692B8E2-6DD2-43F1-B486-5BC896BA9151}"
EndProject
Project("{2150E333-8FDC-42A3-9474-1A3956D46DE8}") = "AppointmentSearchApi", "AppointmentSearchApi", "{F96008FF-86FD-4259-95BE-95FFA5D60172}"
EndProject
Project("{FAE04EC0-301F-11D3-BF4B-00C04F79EFBC}") = "AppointmentScheduling.Api", "AppointmentScheduling.Api\AppointmentScheduling.Api.csproj", "{503EE2D5-0DDC-4137-8654-63509E4772D3}"
EndProject
Project("{FAE04EC0-301F-11D3-BF4B-00C04F79EFBC}") = "AppointmentSearch.Api", "AppointmentSearch.Api\AppointmentSearch.Api.csproj", "{25BA502D-A446-45D8-8FCE-3313E9ED9720}"
EndProject
Project("{FAE04EC0-301F-11D3-BF4B-00C04F79EFBC}") = "AppointmentScheduling.Domain", "AppointmentScheduling.Domain\AppointmentScheduling.Domain.csproj", "{7BF31FCC-B16C-4FCD-9320-680543106E98}"
EndProject
Project("{FAE04EC0-301F-11D3-BF4B-00C04F79EFBC}") = "AppointmentScheduling.Infrastructure", "AppointmentScheduling.Infrastructure\AppointmentScheduling.Infrastructure.csproj", "{843CB736-5E17-49D0-B5CB-62DC40F102B2}"
EndProject
Project("{FAE04EC0-301F-11D3-BF4B-00C04F79EFBC}") = "AppointmentSearch.Domain", "AppointmentSearch.Domain\AppointmentSearch.Domain.csproj", "{E7BC471B-0FC6-4BF7-A0B5-7334E5F7EC90}"
EndProject
Project("{FAE04EC0-301F-11D3-BF4B-00C04F79EFBC}") = "AppointmentSearch.Infrastructure", "AppointmentSearch.Infrastructure\AppointmentSearch.Infrastructure.csproj", "{07F0E317-474D-41D5-BB52-8806EA0BEF1E}"
EndProject
Project("{2150E333-8FDC-42A3-9474-1A3956D46DE8}") = "AppointmnetConsumerWorker", "AppointmnetConsumerWorker", "{FD380CAA-0325-420F-9167-BFED431F3BF7}"
EndProject
Project("{FAE04EC0-301F-11D3-BF4B-00C04F79EFBC}") = "AppointmentConsumer.Worker", "AppointmentConsumer.Worker\AppointmentConsumer.Worker.csproj", "{2B46A2E4-D289-47D6-9FFE-527B43BD4959}"
EndProject
Project("{FAE04EC0-301F-11D3-BF4B-00C04F79EFBC}") = "AppointmentConsumer.Domain", "AppointmentConsumer.Domain\AppointmentConsumer.Domain.csproj", "{C45CE319-E2B4-489D-AEC4-FDF63D5D24FC}"
EndProject
Project("{FAE04EC0-301F-11D3-BF4B-00C04F79EFBC}") = "AppointmentConsumer.Infrastructure", "AppointmentConsumer.Infrastructure\AppointmentConsumer.Infrastructure.csproj", "{B3AFCEB6-4E28-4816-8AD9-DFA3A4F9E7F6}"
EndProject
Project("{2150E333-8FDC-42A3-9474-1A3956D46DE8}") = "Shared", "Shared", "{91B57C63-5DC2-4285-933C-7328B896AB05}"
EndProject
Project("{FAE04EC0-301F-11D3-BF4B-00C04F79EFBC}") = "Shared.Domain", "Shared.Domain\Shared.Domain.csproj", "{F6CE2280-A320-43A1-8DEB-E343CDBD9FF6}"
EndProject
Project("{FAE04EC0-301F-11D3-BF4B-00C04F79EFBC}") = "Shared.Infrastructure", "Shared.Infrastructure\Shared.Infrastructure.csproj", "{A1EB5A86-0C84-4894-B191-7374DB3609AE}"
EndProject
Project("{FAE04EC0-301F-11D3-BF4B-00C04F79EFBC}") = "Shared.Rabbit", "Shared.Rabbit\Shared.Rabbit.csproj", "{C8F8F36D-6111-49E2-96AA-97F2572EEE2A}"
EndProject
Project("{2150E333-8FDC-42A3-9474-1A3956D46DE8}") = "Testes", "Testes", "{FC4C079C-EFC9-476C-A67C-5B22BD833919}"
EndProject
Global
	GlobalSection(SolutionConfigurationPlatforms) = preSolution
		Debug|Any CPU = Debug|Any CPU
		Release|Any CPU = Release|Any CPU
	EndGlobalSection
	GlobalSection(ProjectConfigurationPlatforms) = postSolution
		{503EE2D5-0DDC-4137-8654-63509E4772D3}.Debug|Any CPU.ActiveCfg = Debug|Any CPU
		{503EE2D5-0DDC-4137-8654-63509E4772D3}.Debug|Any CPU.Build.0 = Debug|Any CPU
		{503EE2D5-0DDC-4137-8654-63509E4772D3}.Release|Any CPU.ActiveCfg = Release|Any CPU
		{503EE2D5-0DDC-4137-8654-63509E4772D3}.Release|Any CPU.Build.0 = Release|Any CPU
		{25BA502D-A446-45D8-8FCE-3313E9ED9720}.Debug|Any CPU.ActiveCfg = Debug|Any CPU
		{25BA502D-A446-45D8-8FCE-3313E9ED9720}.Debug|Any CPU.Build.0 = Debug|Any CPU
		{25BA502D-A446-45D8-8FCE-3313E9ED9720}.Release|Any CPU.ActiveCfg = Release|Any CPU
		{25BA502D-A446-45D8-8FCE-3313E9ED9720}.Release|Any CPU.Build.0 = Release|Any CPU
		{7BF31FCC-B16C-4FCD-9320-680543106E98}.Debug|Any CPU.ActiveCfg = Debug|Any CPU
		{7BF31FCC-B16C-4FCD-9320-680543106E98}.Debug|Any CPU.Build.0 = Debug|Any CPU
		{7BF31FCC-B16C-4FCD-9320-680543106E98}.Release|Any CPU.ActiveCfg = Release|Any CPU
		{7BF31FCC-B16C-4FCD-9320-680543106E98}.Release|Any CPU.Build.0 = Release|Any CPU
		{843CB736-5E17-49D0-B5CB-62DC40F102B2}.Debug|Any CPU.ActiveCfg = Debug|Any CPU
		{843CB736-5E17-49D0-B5CB-62DC40F102B2}.Debug|Any CPU.Build.0 = Debug|Any CPU
		{843CB736-5E17-49D0-B5CB-62DC40F102B2}.Release|Any CPU.ActiveCfg = Release|Any CPU
		{843CB736-5E17-49D0-B5CB-62DC40F102B2}.Release|Any CPU.Build.0 = Release|Any CPU
		{E7BC471B-0FC6-4BF7-A0B5-7334E5F7EC90}.Debug|Any CPU.ActiveCfg = Debug|Any CPU
		{E7BC471B-0FC6-4BF7-A0B5-7334E5F7EC90}.Debug|Any CPU.Build.0 = Debug|Any CPU
		{E7BC471B-0FC6-4BF7-A0B5-7334E5F7EC90}.Release|Any CPU.ActiveCfg = Release|Any CPU
		{E7BC471B-0FC6-4BF7-A0B5-7334E5F7EC90}.Release|Any CPU.Build.0 = Release|Any CPU
		{07F0E317-474D-41D5-BB52-8806EA0BEF1E}.Debug|Any CPU.ActiveCfg = Debug|Any CPU
		{07F0E317-474D-41D5-BB52-8806EA0BEF1E}.Debug|Any CPU.Build.0 = Debug|Any CPU
		{07F0E317-474D-41D5-BB52-8806EA0BEF1E}.Release|Any CPU.ActiveCfg = Release|Any CPU
		{07F0E317-474D-41D5-BB52-8806EA0BEF1E}.Release|Any CPU.Build.0 = Release|Any CPU
		{2B46A2E4-D289-47D6-9FFE-527B43BD4959}.Debug|Any CPU.ActiveCfg = Debug|Any CPU
		{2B46A2E4-D289-47D6-9FFE-527B43BD4959}.Debug|Any CPU.Build.0 = Debug|Any CPU
		{2B46A2E4-D289-47D6-9FFE-527B43BD4959}.Release|Any CPU.ActiveCfg = Release|Any CPU
		{2B46A2E4-D289-47D6-9FFE-527B43BD4959}.Release|Any CPU.Build.0 = Release|Any CPU
		{C45CE319-E2B4-489D-AEC4-FDF63D5D24FC}.Debug|Any CPU.ActiveCfg = Debug|Any CPU
		{C45CE319-E2B4-489D-AEC4-FDF63D5D24FC}.Debug|Any CPU.Build.0 = Debug|Any CPU
		{C45CE319-E2B4-489D-AEC4-FDF63D5D24FC}.Release|Any CPU.ActiveCfg = Release|Any CPU
		{C45CE319-E2B4-489D-AEC4-FDF63D5D24FC}.Release|Any CPU.Build.0 = Release|Any CPU
		{B3AFCEB6-4E28-4816-8AD9-DFA3A4F9E7F6}.Debug|Any CPU.ActiveCfg = Debug|Any CPU
		{B3AFCEB6-4E28-4816-8AD9-DFA3A4F9E7F6}.Debug|Any CPU.Build.0 = Debug|Any CPU
		{B3AFCEB6-4E28-4816-8AD9-DFA3A4F9E7F6}.Release|Any CPU.ActiveCfg = Release|Any CPU
		{B3AFCEB6-4E28-4816-8AD9-DFA3A4F9E7F6}.Release|Any CPU.Build.0 = Release|Any CPU
		{F6CE2280-A320-43A1-8DEB-E343CDBD9FF6}.Debug|Any CPU.ActiveCfg = Debug|Any CPU
		{F6CE2280-A320-43A1-8DEB-E343CDBD9FF6}.Debug|Any CPU.Build.0 = Debug|Any CPU
		{F6CE2280-A320-43A1-8DEB-E343CDBD9FF6}.Release|Any CPU.ActiveCfg = Release|Any CPU
		{F6CE2280-A320-43A1-8DEB-E343CDBD9FF6}.Release|Any CPU.Build.0 = Release|Any CPU
		{A1EB5A86-0C84-4894-B191-7374DB3609AE}.Debug|Any CPU.ActiveCfg = Debug|Any CPU
		{A1EB5A86-0C84-4894-B191-7374DB3609AE}.Debug|Any CPU.Build.0 = Debug|Any CPU
		{A1EB5A86-0C84-4894-B191-7374DB3609AE}.Release|Any CPU.ActiveCfg = Release|Any CPU
		{A1EB5A86-0C84-4894-B191-7374DB3609AE}.Release|Any CPU.Build.0 = Release|Any CPU
		{C8F8F36D-6111-49E2-96AA-97F2572EEE2A}.Debug|Any CPU.ActiveCfg = Debug|Any CPU
		{C8F8F36D-6111-49E2-96AA-97F2572EEE2A}.Debug|Any CPU.Build.0 = Debug|Any CPU
		{C8F8F36D-6111-49E2-96AA-97F2572EEE2A}.Release|Any CPU.ActiveCfg = Release|Any CPU
		{C8F8F36D-6111-49E2-96AA-97F2572EEE2A}.Release|Any CPU.Build.0 = Release|Any CPU
	EndGlobalSection
	GlobalSection(SolutionProperties) = preSolution
		HideSolutionNode = FALSE
	EndGlobalSection
	GlobalSection(NestedProjects) = preSolution
		{29EE33B2-7067-4FCE-8E19-331B927CBA4F} = {87740E04-7D01-4856-BC68-4E31254D0D6B}
		{2692B8E2-6DD2-43F1-B486-5BC896BA9151} = {29EE33B2-7067-4FCE-8E19-331B927CBA4F}
		{F96008FF-86FD-4259-95BE-95FFA5D60172} = {29EE33B2-7067-4FCE-8E19-331B927CBA4F}
		{503EE2D5-0DDC-4137-8654-63509E4772D3} = {2692B8E2-6DD2-43F1-B486-5BC896BA9151}
		{25BA502D-A446-45D8-8FCE-3313E9ED9720} = {F96008FF-86FD-4259-95BE-95FFA5D60172}
		{7BF31FCC-B16C-4FCD-9320-680543106E98} = {2692B8E2-6DD2-43F1-B486-5BC896BA9151}
		{843CB736-5E17-49D0-B5CB-62DC40F102B2} = {2692B8E2-6DD2-43F1-B486-5BC896BA9151}
		{E7BC471B-0FC6-4BF7-A0B5-7334E5F7EC90} = {F96008FF-86FD-4259-95BE-95FFA5D60172}
		{07F0E317-474D-41D5-BB52-8806EA0BEF1E} = {F96008FF-86FD-4259-95BE-95FFA5D60172}
		{FD380CAA-0325-420F-9167-BFED431F3BF7} = {29EE33B2-7067-4FCE-8E19-331B927CBA4F}
		{2B46A2E4-D289-47D6-9FFE-527B43BD4959} = {FD380CAA-0325-420F-9167-BFED431F3BF7}
		{C45CE319-E2B4-489D-AEC4-FDF63D5D24FC} = {FD380CAA-0325-420F-9167-BFED431F3BF7}
		{B3AFCEB6-4E28-4816-8AD9-DFA3A4F9E7F6} = {FD380CAA-0325-420F-9167-BFED431F3BF7}
		{91B57C63-5DC2-4285-933C-7328B896AB05} = {87740E04-7D01-4856-BC68-4E31254D0D6B}
		{F6CE2280-A320-43A1-8DEB-E343CDBD9FF6} = {91B57C63-5DC2-4285-933C-7328B896AB05}
		{A1EB5A86-0C84-4894-B191-7374DB3609AE} = {91B57C63-5DC2-4285-933C-7328B896AB05}
		{C8F8F36D-6111-49E2-96AA-97F2572EEE2A} = {91B57C63-5DC2-4285-933C-7328B896AB05}
		{FC4C079C-EFC9-476C-A67C-5B22BD833919} = {87740E04-7D01-4856-BC68-4E31254D0D6B}
	EndGlobalSection
EndGlobal
