
Microsoft Visual Studio Solution File, Format Version 12.00
# Visual Studio Version 17
VisualStudioVersion = 17.12.35707.178
MinimumVisualStudioVersion = 10.0.40219.1
Project("{2150E333-8FDC-42A3-9474-1A3956D46DE8}") = "src", "src", "{87740E04-7D01-4856-BC68-4E31254D0D6B}"
EndProject
Project("{2150E333-8FDC-42A3-9474-1A3956D46DE8}") = "Services", "Services", "{29EE33B2-7067-4FCE-8E19-331B927CBA4F}"
EndProject
Project("{2150E333-8FDC-42A3-9474-1A3956D46DE8}") = "AppointmentSchedulingApi", "AppointmentSchedulingApi", "{2692B8E2-6DD2-43F1-B486-5BC896BA9151}"
EndProject
Project("{2150E333-8FDC-42A3-9474-1A3956D46DE8}") = "AppointmentSearchApi", "AppointmentSearchApi", "{F96008FF-86FD-4259-95BE-95FFA5D60172}"
EndProject
Project("{9A19103F-16F7-4668-BE54-9A1E7A4F7556}") = "AppointmentScheduling.Api", "AppointmentScheduling.Api\AppointmentScheduling.Api.csproj", "{503EE2D5-0DDC-4137-8654-63509E4772D3}"
EndProject
Project("{9A19103F-16F7-4668-BE54-9A1E7A4F7556}") = "AppointmentSearch.Api", "AppointmentSearch.Api\AppointmentSearch.Api.csproj", "{25BA502D-A446-45D8-8FCE-3313E9ED9720}"
EndProject
Project("{2150E333-8FDC-42A3-9474-1A3956D46DE8}") = "AppointmnetConsumerWorker", "AppointmnetConsumerWorker", "{FD380CAA-0325-420F-9167-BFED431F3BF7}"
EndProject
Project("{9A19103F-16F7-4668-BE54-9A1E7A4F7556}") = "AppointmentConsumer.Worker", "AppointmentConsumer.Worker\AppointmentConsumer.Worker.csproj", "{2B46A2E4-D289-47D6-9FFE-527B43BD4959}"
EndProject
Project("{2150E333-8FDC-42A3-9474-1A3956D46DE8}") = "Shared", "Shared", "{91B57C63-5DC2-4285-933C-7328B896AB05}"
EndProject
Project("{2150E333-8FDC-42A3-9474-1A3956D46DE8}") = "Testes", "Testes", "{FC4C079C-EFC9-476C-A67C-5B22BD833919}"
EndProject
Project("{9A19103F-16F7-4668-BE54-9A1E7A4F7556}") = "AppointmentScheduling.Domain", "AppointmentScheduling.Domain\AppointmentScheduling.Domain.csproj", "{B7A72514-E0A6-4A67-9708-7E102C498894}"
EndProject
Project("{9A19103F-16F7-4668-BE54-9A1E7A4F7556}") = "AppointmentScheduling.Infrastructure", "AppointmentScheduling.Infrastructure\AppointmentScheduling.Infrastructure.csproj", "{46569B93-FFCA-44D7-BA48-4DE2B9F6E3ED}"
EndProject
Project("{9A19103F-16F7-4668-BE54-9A1E7A4F7556}") = "AppointmentSearch.Domain", "AppointmentSearch.Domain\AppointmentSearch.Domain.csproj", "{D00EAB35-6931-4B8E-B4FF-491946E00152}"
EndProject
Project("{9A19103F-16F7-4668-BE54-9A1E7A4F7556}") = "AppointmentSearch.Infrastructure", "AppointmentSearch.Infrastructure\AppointmentSearch.Infrastructure.csproj", "{F0CDBAB3-0EA2-4EBC-8B18-3E4356BFBD2D}"
EndProject
Project("{9A19103F-16F7-4668-BE54-9A1E7A4F7556}") = "AppointmentConsumer.Domain", "AppointmentConsumer.Domain\AppointmentConsumer.Domain.csproj", "{985F8D12-C4E9-4E49-91F7-37E8F11C71C5}"
EndProject
Project("{9A19103F-16F7-4668-BE54-9A1E7A4F7556}") = "AppointmentConsumer.Infrastructure", "AppointmentConsumer.Infrastructure\AppointmentConsumer.Infrastructure.csproj", "{41E2ED25-49DF-4965-BF65-3B11788D0108}"
EndProject
Project("{9A19103F-16F7-4668-BE54-9A1E7A4F7556}") = "Shared.Domain", "Shared.Domain\Shared.Domain.csproj", "{86776D6D-F540-4716-868A-BA63A6E34DE9}"
EndProject
Project("{9A19103F-16F7-4668-BE54-9A1E7A4F7556}") = "Shared.Infrastructure", "Shared.Infrastructure\Shared.Infrastructure.csproj", "{3D9B07AD-710D-45AC-A3DE-99930D469597}"
EndProject
Project("{9A19103F-16F7-4668-BE54-9A1E7A4F7556}") = "Shared.Rabbit", "Shared.Rabbit\Shared.Rabbit.csproj", "{12FA8406-A265-4652-9339-FBB4E95A8BE6}"
EndProject
Project("{2150E333-8FDC-42A3-9474-1A3956D46DE8}") = "AccountApi", "AccountApi", "{C38097F7-B372-43A7-B9D2-3342E364AFD6}"
EndProject
Project("{9A19103F-16F7-4668-BE54-9A1E7A4F7556}") = "Account.Api", "Account.Api\Account.Api.csproj", "{BB89785D-59FC-485B-8527-2F18A1B0B141}"
EndProject
Project("{9A19103F-16F7-4668-BE54-9A1E7A4F7556}") = "Account.Infrastructure", "Account.Infrastructure\Account.Infrastructure.csproj", "{8C239596-020B-44B9-AA26-B8566976D08A}"
EndProject
Project("{9A19103F-16F7-4668-BE54-9A1E7A4F7556}") = "Account.Domain", "Account.Domain\Account.Domain.csproj", "{9A7AA464-9DB8-4E02-A89C-03C34AA845BB}"
EndProject
Project("{2150E333-8FDC-42A3-9474-1A3956D46DE8}") = "DoctorSearchApi", "DoctorSearchApi", "{7F722F33-AB2D-4B28-BF4F-B25C15523855}"
EndProject
Project("{9A19103F-16F7-4668-BE54-9A1E7A4F7556}") = "DoctorSearch.Api", "DoctorSearch.Api\DoctorSearch.Api.csproj", "{C756A3FD-C103-432D-8BC5-4DD552BD894D}"
EndProject
Project("{9A19103F-16F7-4668-BE54-9A1E7A4F7556}") = "DoctorSearch.Domain", "DoctorSearch.Domain\DoctorSearch.Domain.csproj", "{5223FC8C-8FA3-4B12-93A9-1B74E58E99F4}"
EndProject
Project("{9A19103F-16F7-4668-BE54-9A1E7A4F7556}") = "DoctorSearch.Infrastructure", "DoctorSearch.Infrastructure\DoctorSearch.Infrastructure.csproj", "{4EB109F0-ED41-47E0-8356-2BF161FB6EFB}"
EndProject
Project("{2150E333-8FDC-42A3-9474-1A3956D46DE8}") = "TimeScheduleSearchApi", "TimeScheduleSearchApi", "{D55D41B3-3620-46CB-AF85-90ED7B2A722F}"
EndProject
Project("{2150E333-8FDC-42A3-9474-1A3956D46DE8}") = "TimeScheduleRegisterApi", "TimeScheduleRegisterApi", "{F18569AD-426C-47A2-B1C6-A3085F3D255E}"
EndProject
Project("{FAE04EC0-301F-11D3-BF4B-00C04F79EFBC}") = "TimeScheduleRegister.Api", "TimeScheduleRegister.Api\TimeScheduleRegister.Api.csproj", "{D91E25AB-92CB-44E1-98FD-737CE9C00BCF}"
EndProject
Project("{FAE04EC0-301F-11D3-BF4B-00C04F79EFBC}") = "TimeScheduleRegister.Domain", "TimeScheduleRegister.Domain\TimeScheduleRegister.Domain.csproj", "{993E69E8-B82C-48FD-A98A-9C08E4F0F8BA}"
EndProject
Project("{FAE04EC0-301F-11D3-BF4B-00C04F79EFBC}") = "TimeScheduleRegister.Infrastrucure", "TimeScheduleRegister.Infrastrucure\TimeScheduleRegister.Infrastrucure.csproj", "{D66CE3D5-B737-4BAC-A4B8-0D0AC5B45B2E}"
EndProject
Project("{FAE04EC0-301F-11D3-BF4B-00C04F79EFBC}") = "TimeScheduleSearch.Api", "TimeScheduleSearch.Api\TimeScheduleSearch.Api.csproj", "{16343960-C3BD-4FC0-A2B9-459182C913D1}"
EndProject
Project("{FAE04EC0-301F-11D3-BF4B-00C04F79EFBC}") = "TimeScheduleSearch.Domain", "TimeScheduleSearch.Domain\TimeScheduleSearch.Domain.csproj", "{99BD7634-24B7-47E4-A05A-592CE574657E}"
EndProject
Project("{FAE04EC0-301F-11D3-BF4B-00C04F79EFBC}") = "TimeScheduleSearch.Insfrastructure", "TimeScheduleSearch.Insfrastructure\TimeScheduleSearch.Insfrastructure.csproj", "{204DF6CF-F5DB-4A76-A233-314E8D057F24}"
EndProject
Project("{FAE04EC0-301F-11D3-BF4B-00C04F79EFBC}") = "Account.Test", "Account.Test\Account.Test.csproj", "{A32BF539-9581-41D2-B3BB-9555E500C980}"
EndProject
Project("{FAE04EC0-301F-11D3-BF4B-00C04F79EFBC}") = "TimeSchedulerRegister.Test", "TimeSchedulerRegister.Test\TimeSchedulerRegister.Test.csproj", "{24F3C2E3-D279-4A6C-8DB7-307CF3CCF2F6}"
EndProject
Project("{FAE04EC0-301F-11D3-BF4B-00C04F79EFBC}") = "AppointmentScheduling.Test", "AppointmentScheduling.Test\AppointmentScheduling.Test.csproj", "{C09D6274-ED6A-418F-A12D-2065AAB45C72}"
EndProject
Global
	GlobalSection(SolutionConfigurationPlatforms) = preSolution
		Debug|Any CPU = Debug|Any CPU
		Release|Any CPU = Release|Any CPU
	EndGlobalSection
	GlobalSection(ProjectConfigurationPlatforms) = postSolution
		{503EE2D5-0DDC-4137-8654-63509E4772D3}.Debug|Any CPU.ActiveCfg = Debug|Any CPU
		{503EE2D5-0DDC-4137-8654-63509E4772D3}.Debug|Any CPU.Build.0 = Debug|Any CPU
		{503EE2D5-0DDC-4137-8654-63509E4772D3}.Release|Any CPU.ActiveCfg = Release|Any CPU
		{503EE2D5-0DDC-4137-8654-63509E4772D3}.Release|Any CPU.Build.0 = Release|Any CPU
		{25BA502D-A446-45D8-8FCE-3313E9ED9720}.Debug|Any CPU.ActiveCfg = Debug|Any CPU
		{25BA502D-A446-45D8-8FCE-3313E9ED9720}.Debug|Any CPU.Build.0 = Debug|Any CPU
		{25BA502D-A446-45D8-8FCE-3313E9ED9720}.Release|Any CPU.ActiveCfg = Release|Any CPU
		{25BA502D-A446-45D8-8FCE-3313E9ED9720}.Release|Any CPU.Build.0 = Release|Any CPU
		{2B46A2E4-D289-47D6-9FFE-527B43BD4959}.Debug|Any CPU.ActiveCfg = Debug|Any CPU
		{2B46A2E4-D289-47D6-9FFE-527B43BD4959}.Debug|Any CPU.Build.0 = Debug|Any CPU
		{2B46A2E4-D289-47D6-9FFE-527B43BD4959}.Release|Any CPU.ActiveCfg = Release|Any CPU
		{2B46A2E4-D289-47D6-9FFE-527B43BD4959}.Release|Any CPU.Build.0 = Release|Any CPU
		{B7A72514-E0A6-4A67-9708-7E102C498894}.Debug|Any CPU.ActiveCfg = Debug|Any CPU
		{B7A72514-E0A6-4A67-9708-7E102C498894}.Debug|Any CPU.Build.0 = Debug|Any CPU
		{B7A72514-E0A6-4A67-9708-7E102C498894}.Release|Any CPU.ActiveCfg = Release|Any CPU
		{B7A72514-E0A6-4A67-9708-7E102C498894}.Release|Any CPU.Build.0 = Release|Any CPU
		{46569B93-FFCA-44D7-BA48-4DE2B9F6E3ED}.Debug|Any CPU.ActiveCfg = Debug|Any CPU
		{46569B93-FFCA-44D7-BA48-4DE2B9F6E3ED}.Debug|Any CPU.Build.0 = Debug|Any CPU
		{46569B93-FFCA-44D7-BA48-4DE2B9F6E3ED}.Release|Any CPU.ActiveCfg = Release|Any CPU
		{46569B93-FFCA-44D7-BA48-4DE2B9F6E3ED}.Release|Any CPU.Build.0 = Release|Any CPU
		{D00EAB35-6931-4B8E-B4FF-491946E00152}.Debug|Any CPU.ActiveCfg = Debug|Any CPU
		{D00EAB35-6931-4B8E-B4FF-491946E00152}.Debug|Any CPU.Build.0 = Debug|Any CPU
		{D00EAB35-6931-4B8E-B4FF-491946E00152}.Release|Any CPU.ActiveCfg = Release|Any CPU
		{D00EAB35-6931-4B8E-B4FF-491946E00152}.Release|Any CPU.Build.0 = Release|Any CPU
		{F0CDBAB3-0EA2-4EBC-8B18-3E4356BFBD2D}.Debug|Any CPU.ActiveCfg = Debug|Any CPU
		{F0CDBAB3-0EA2-4EBC-8B18-3E4356BFBD2D}.Debug|Any CPU.Build.0 = Debug|Any CPU
		{F0CDBAB3-0EA2-4EBC-8B18-3E4356BFBD2D}.Release|Any CPU.ActiveCfg = Release|Any CPU
		{F0CDBAB3-0EA2-4EBC-8B18-3E4356BFBD2D}.Release|Any CPU.Build.0 = Release|Any CPU
		{985F8D12-C4E9-4E49-91F7-37E8F11C71C5}.Debug|Any CPU.ActiveCfg = Debug|Any CPU
		{985F8D12-C4E9-4E49-91F7-37E8F11C71C5}.Debug|Any CPU.Build.0 = Debug|Any CPU
		{985F8D12-C4E9-4E49-91F7-37E8F11C71C5}.Release|Any CPU.ActiveCfg = Release|Any CPU
		{985F8D12-C4E9-4E49-91F7-37E8F11C71C5}.Release|Any CPU.Build.0 = Release|Any CPU
		{41E2ED25-49DF-4965-BF65-3B11788D0108}.Debug|Any CPU.ActiveCfg = Debug|Any CPU
		{41E2ED25-49DF-4965-BF65-3B11788D0108}.Debug|Any CPU.Build.0 = Debug|Any CPU
		{41E2ED25-49DF-4965-BF65-3B11788D0108}.Release|Any CPU.ActiveCfg = Release|Any CPU
		{41E2ED25-49DF-4965-BF65-3B11788D0108}.Release|Any CPU.Build.0 = Release|Any CPU
		{86776D6D-F540-4716-868A-BA63A6E34DE9}.Debug|Any CPU.ActiveCfg = Debug|Any CPU
		{86776D6D-F540-4716-868A-BA63A6E34DE9}.Debug|Any CPU.Build.0 = Debug|Any CPU
		{86776D6D-F540-4716-868A-BA63A6E34DE9}.Release|Any CPU.ActiveCfg = Release|Any CPU
		{86776D6D-F540-4716-868A-BA63A6E34DE9}.Release|Any CPU.Build.0 = Release|Any CPU
		{3D9B07AD-710D-45AC-A3DE-99930D469597}.Debug|Any CPU.ActiveCfg = Debug|Any CPU
		{3D9B07AD-710D-45AC-A3DE-99930D469597}.Debug|Any CPU.Build.0 = Debug|Any CPU
		{3D9B07AD-710D-45AC-A3DE-99930D469597}.Release|Any CPU.ActiveCfg = Release|Any CPU
		{3D9B07AD-710D-45AC-A3DE-99930D469597}.Release|Any CPU.Build.0 = Release|Any CPU
		{12FA8406-A265-4652-9339-FBB4E95A8BE6}.Debug|Any CPU.ActiveCfg = Debug|Any CPU
		{12FA8406-A265-4652-9339-FBB4E95A8BE6}.Debug|Any CPU.Build.0 = Debug|Any CPU
		{12FA8406-A265-4652-9339-FBB4E95A8BE6}.Release|Any CPU.ActiveCfg = Release|Any CPU
		{12FA8406-A265-4652-9339-FBB4E95A8BE6}.Release|Any CPU.Build.0 = Release|Any CPU
		{BB89785D-59FC-485B-8527-2F18A1B0B141}.Debug|Any CPU.ActiveCfg = Debug|Any CPU
		{BB89785D-59FC-485B-8527-2F18A1B0B141}.Debug|Any CPU.Build.0 = Debug|Any CPU
		{BB89785D-59FC-485B-8527-2F18A1B0B141}.Release|Any CPU.ActiveCfg = Release|Any CPU
		{BB89785D-59FC-485B-8527-2F18A1B0B141}.Release|Any CPU.Build.0 = Release|Any CPU
		{8C239596-020B-44B9-AA26-B8566976D08A}.Debug|Any CPU.ActiveCfg = Debug|Any CPU
		{8C239596-020B-44B9-AA26-B8566976D08A}.Debug|Any CPU.Build.0 = Debug|Any CPU
		{8C239596-020B-44B9-AA26-B8566976D08A}.Release|Any CPU.ActiveCfg = Release|Any CPU
		{8C239596-020B-44B9-AA26-B8566976D08A}.Release|Any CPU.Build.0 = Release|Any CPU
		{9A7AA464-9DB8-4E02-A89C-03C34AA845BB}.Debug|Any CPU.ActiveCfg = Debug|Any CPU
		{9A7AA464-9DB8-4E02-A89C-03C34AA845BB}.Debug|Any CPU.Build.0 = Debug|Any CPU
		{9A7AA464-9DB8-4E02-A89C-03C34AA845BB}.Release|Any CPU.ActiveCfg = Release|Any CPU
		{9A7AA464-9DB8-4E02-A89C-03C34AA845BB}.Release|Any CPU.Build.0 = Release|Any CPU
		{C756A3FD-C103-432D-8BC5-4DD552BD894D}.Debug|Any CPU.ActiveCfg = Debug|Any CPU
		{C756A3FD-C103-432D-8BC5-4DD552BD894D}.Debug|Any CPU.Build.0 = Debug|Any CPU
		{C756A3FD-C103-432D-8BC5-4DD552BD894D}.Release|Any CPU.ActiveCfg = Release|Any CPU
		{C756A3FD-C103-432D-8BC5-4DD552BD894D}.Release|Any CPU.Build.0 = Release|Any CPU
		{5223FC8C-8FA3-4B12-93A9-1B74E58E99F4}.Debug|Any CPU.ActiveCfg = Debug|Any CPU
		{5223FC8C-8FA3-4B12-93A9-1B74E58E99F4}.Debug|Any CPU.Build.0 = Debug|Any CPU
		{5223FC8C-8FA3-4B12-93A9-1B74E58E99F4}.Release|Any CPU.ActiveCfg = Release|Any CPU
		{5223FC8C-8FA3-4B12-93A9-1B74E58E99F4}.Release|Any CPU.Build.0 = Release|Any CPU
		{4EB109F0-ED41-47E0-8356-2BF161FB6EFB}.Debug|Any CPU.ActiveCfg = Debug|Any CPU
		{4EB109F0-ED41-47E0-8356-2BF161FB6EFB}.Debug|Any CPU.Build.0 = Debug|Any CPU
		{4EB109F0-ED41-47E0-8356-2BF161FB6EFB}.Release|Any CPU.ActiveCfg = Release|Any CPU
		{4EB109F0-ED41-47E0-8356-2BF161FB6EFB}.Release|Any CPU.Build.0 = Release|Any CPU
		{D91E25AB-92CB-44E1-98FD-737CE9C00BCF}.Debug|Any CPU.ActiveCfg = Debug|Any CPU
		{D91E25AB-92CB-44E1-98FD-737CE9C00BCF}.Debug|Any CPU.Build.0 = Debug|Any CPU
		{D91E25AB-92CB-44E1-98FD-737CE9C00BCF}.Release|Any CPU.ActiveCfg = Release|Any CPU
		{D91E25AB-92CB-44E1-98FD-737CE9C00BCF}.Release|Any CPU.Build.0 = Release|Any CPU
		{993E69E8-B82C-48FD-A98A-9C08E4F0F8BA}.Debug|Any CPU.ActiveCfg = Debug|Any CPU
		{993E69E8-B82C-48FD-A98A-9C08E4F0F8BA}.Debug|Any CPU.Build.0 = Debug|Any CPU
		{993E69E8-B82C-48FD-A98A-9C08E4F0F8BA}.Release|Any CPU.ActiveCfg = Release|Any CPU
		{993E69E8-B82C-48FD-A98A-9C08E4F0F8BA}.Release|Any CPU.Build.0 = Release|Any CPU
		{D66CE3D5-B737-4BAC-A4B8-0D0AC5B45B2E}.Debug|Any CPU.ActiveCfg = Debug|Any CPU
		{D66CE3D5-B737-4BAC-A4B8-0D0AC5B45B2E}.Debug|Any CPU.Build.0 = Debug|Any CPU
		{D66CE3D5-B737-4BAC-A4B8-0D0AC5B45B2E}.Release|Any CPU.ActiveCfg = Release|Any CPU
		{D66CE3D5-B737-4BAC-A4B8-0D0AC5B45B2E}.Release|Any CPU.Build.0 = Release|Any CPU
		{16343960-C3BD-4FC0-A2B9-459182C913D1}.Debug|Any CPU.ActiveCfg = Debug|Any CPU
		{16343960-C3BD-4FC0-A2B9-459182C913D1}.Debug|Any CPU.Build.0 = Debug|Any CPU
		{16343960-C3BD-4FC0-A2B9-459182C913D1}.Release|Any CPU.ActiveCfg = Release|Any CPU
		{16343960-C3BD-4FC0-A2B9-459182C913D1}.Release|Any CPU.Build.0 = Release|Any CPU
		{99BD7634-24B7-47E4-A05A-592CE574657E}.Debug|Any CPU.ActiveCfg = Debug|Any CPU
		{99BD7634-24B7-47E4-A05A-592CE574657E}.Debug|Any CPU.Build.0 = Debug|Any CPU
		{99BD7634-24B7-47E4-A05A-592CE574657E}.Release|Any CPU.ActiveCfg = Release|Any CPU
		{99BD7634-24B7-47E4-A05A-592CE574657E}.Release|Any CPU.Build.0 = Release|Any CPU
		{204DF6CF-F5DB-4A76-A233-314E8D057F24}.Debug|Any CPU.ActiveCfg = Debug|Any CPU
		{204DF6CF-F5DB-4A76-A233-314E8D057F24}.Debug|Any CPU.Build.0 = Debug|Any CPU
		{204DF6CF-F5DB-4A76-A233-314E8D057F24}.Release|Any CPU.ActiveCfg = Release|Any CPU
		{204DF6CF-F5DB-4A76-A233-314E8D057F24}.Release|Any CPU.Build.0 = Release|Any CPU
		{A32BF539-9581-41D2-B3BB-9555E500C980}.Debug|Any CPU.ActiveCfg = Debug|Any CPU
		{A32BF539-9581-41D2-B3BB-9555E500C980}.Debug|Any CPU.Build.0 = Debug|Any CPU
		{A32BF539-9581-41D2-B3BB-9555E500C980}.Release|Any CPU.ActiveCfg = Release|Any CPU
		{A32BF539-9581-41D2-B3BB-9555E500C980}.Release|Any CPU.Build.0 = Release|Any CPU
		{24F3C2E3-D279-4A6C-8DB7-307CF3CCF2F6}.Debug|Any CPU.ActiveCfg = Debug|Any CPU
		{24F3C2E3-D279-4A6C-8DB7-307CF3CCF2F6}.Debug|Any CPU.Build.0 = Debug|Any CPU
		{24F3C2E3-D279-4A6C-8DB7-307CF3CCF2F6}.Release|Any CPU.ActiveCfg = Release|Any CPU
		{24F3C2E3-D279-4A6C-8DB7-307CF3CCF2F6}.Release|Any CPU.Build.0 = Release|Any CPU
		{C09D6274-ED6A-418F-A12D-2065AAB45C72}.Debug|Any CPU.ActiveCfg = Debug|Any CPU
		{C09D6274-ED6A-418F-A12D-2065AAB45C72}.Debug|Any CPU.Build.0 = Debug|Any CPU
		{C09D6274-ED6A-418F-A12D-2065AAB45C72}.Release|Any CPU.ActiveCfg = Release|Any CPU
		{C09D6274-ED6A-418F-A12D-2065AAB45C72}.Release|Any CPU.Build.0 = Release|Any CPU
	EndGlobalSection
	GlobalSection(SolutionProperties) = preSolution
		HideSolutionNode = FALSE
	EndGlobalSection
	GlobalSection(NestedProjects) = preSolution
		{29EE33B2-7067-4FCE-8E19-331B927CBA4F} = {87740E04-7D01-4856-BC68-4E31254D0D6B}
		{2692B8E2-6DD2-43F1-B486-5BC896BA9151} = {29EE33B2-7067-4FCE-8E19-331B927CBA4F}
		{F96008FF-86FD-4259-95BE-95FFA5D60172} = {29EE33B2-7067-4FCE-8E19-331B927CBA4F}
		{503EE2D5-0DDC-4137-8654-63509E4772D3} = {2692B8E2-6DD2-43F1-B486-5BC896BA9151}
		{25BA502D-A446-45D8-8FCE-3313E9ED9720} = {F96008FF-86FD-4259-95BE-95FFA5D60172}
		{FD380CAA-0325-420F-9167-BFED431F3BF7} = {29EE33B2-7067-4FCE-8E19-331B927CBA4F}
		{2B46A2E4-D289-47D6-9FFE-527B43BD4959} = {FD380CAA-0325-420F-9167-BFED431F3BF7}
		{91B57C63-5DC2-4285-933C-7328B896AB05} = {87740E04-7D01-4856-BC68-4E31254D0D6B}
		{FC4C079C-EFC9-476C-A67C-5B22BD833919} = {87740E04-7D01-4856-BC68-4E31254D0D6B}
		{B7A72514-E0A6-4A67-9708-7E102C498894} = {2692B8E2-6DD2-43F1-B486-5BC896BA9151}
		{46569B93-FFCA-44D7-BA48-4DE2B9F6E3ED} = {2692B8E2-6DD2-43F1-B486-5BC896BA9151}
		{D00EAB35-6931-4B8E-B4FF-491946E00152} = {F96008FF-86FD-4259-95BE-95FFA5D60172}
		{F0CDBAB3-0EA2-4EBC-8B18-3E4356BFBD2D} = {F96008FF-86FD-4259-95BE-95FFA5D60172}
		{985F8D12-C4E9-4E49-91F7-37E8F11C71C5} = {FD380CAA-0325-420F-9167-BFED431F3BF7}
		{41E2ED25-49DF-4965-BF65-3B11788D0108} = {FD380CAA-0325-420F-9167-BFED431F3BF7}
		{86776D6D-F540-4716-868A-BA63A6E34DE9} = {91B57C63-5DC2-4285-933C-7328B896AB05}
		{3D9B07AD-710D-45AC-A3DE-99930D469597} = {91B57C63-5DC2-4285-933C-7328B896AB05}
		{12FA8406-A265-4652-9339-FBB4E95A8BE6} = {91B57C63-5DC2-4285-933C-7328B896AB05}
		{C38097F7-B372-43A7-B9D2-3342E364AFD6} = {29EE33B2-7067-4FCE-8E19-331B927CBA4F}
		{BB89785D-59FC-485B-8527-2F18A1B0B141} = {C38097F7-B372-43A7-B9D2-3342E364AFD6}
		{8C239596-020B-44B9-AA26-B8566976D08A} = {C38097F7-B372-43A7-B9D2-3342E364AFD6}
		{9A7AA464-9DB8-4E02-A89C-03C34AA845BB} = {C38097F7-B372-43A7-B9D2-3342E364AFD6}
		{7F722F33-AB2D-4B28-BF4F-B25C15523855} = {29EE33B2-7067-4FCE-8E19-331B927CBA4F}
		{C756A3FD-C103-432D-8BC5-4DD552BD894D} = {7F722F33-AB2D-4B28-BF4F-B25C15523855}
		{5223FC8C-8FA3-4B12-93A9-1B74E58E99F4} = {7F722F33-AB2D-4B28-BF4F-B25C15523855}
		{4EB109F0-ED41-47E0-8356-2BF161FB6EFB} = {7F722F33-AB2D-4B28-BF4F-B25C15523855}
		{D55D41B3-3620-46CB-AF85-90ED7B2A722F} = {29EE33B2-7067-4FCE-8E19-331B927CBA4F}
		{F18569AD-426C-47A2-B1C6-A3085F3D255E} = {29EE33B2-7067-4FCE-8E19-331B927CBA4F}
		{D91E25AB-92CB-44E1-98FD-737CE9C00BCF} = {F18569AD-426C-47A2-B1C6-A3085F3D255E}
		{993E69E8-B82C-48FD-A98A-9C08E4F0F8BA} = {F18569AD-426C-47A2-B1C6-A3085F3D255E}
		{D66CE3D5-B737-4BAC-A4B8-0D0AC5B45B2E} = {F18569AD-426C-47A2-B1C6-A3085F3D255E}
		{16343960-C3BD-4FC0-A2B9-459182C913D1} = {D55D41B3-3620-46CB-AF85-90ED7B2A722F}
		{99BD7634-24B7-47E4-A05A-592CE574657E} = {D55D41B3-3620-46CB-AF85-90ED7B2A722F}
		{204DF6CF-F5DB-4A76-A233-314E8D057F24} = {D55D41B3-3620-46CB-AF85-90ED7B2A722F}
		{A32BF539-9581-41D2-B3BB-9555E500C980} = {C38097F7-B372-43A7-B9D2-3342E364AFD6}
		{24F3C2E3-D279-4A6C-8DB7-307CF3CCF2F6} = {F18569AD-426C-47A2-B1C6-A3085F3D255E}
		{C09D6274-ED6A-418F-A12D-2065AAB45C72} = {2692B8E2-6DD2-43F1-B486-5BC896BA9151}
	EndGlobalSection
	GlobalSection(ExtensibilityGlobals) = postSolution
		SolutionGuid = {0EE75BCA-DBD6-4A1A-B223-596FA3FBA03C}
	EndGlobalSection
EndGlobal
